
Microsoft Visual Studio Solution File, Format Version 12.00
# Visual Studio Version 16
VisualStudioVersion = 16.0.30804.86
MinimumVisualStudioVersion = 10.0.40219.1
Project("{FAE04EC0-301F-11D3-BF4B-00C04F79EFBC}") = "FinancialPortalAPI", "FinancialPortalAPI.csproj", "{D75544B5-5629-42CB-901F-2B63ED84B981}"
EndProject
Global
	GlobalSection(SolutionConfigurationPlatforms) = preSolution
		Debug|Any CPU = Debug|Any CPU
		Release|Any CPU = Release|Any CPU
	EndGlobalSection
	GlobalSection(ProjectConfigurationPlatforms) = postSolution
		{D75544B5-5629-42CB-901F-2B63ED84B981}.Debug|Any CPU.ActiveCfg = Debug|Any CPU
		{D75544B5-5629-42CB-901F-2B63ED84B981}.Debug|Any CPU.Build.0 = Debug|Any CPU
		{D75544B5-5629-42CB-901F-2B63ED84B981}.Release|Any CPU.ActiveCfg = Release|Any CPU
		{D75544B5-5629-42CB-901F-2B63ED84B981}.Release|Any CPU.Build.0 = Release|Any CPU
	EndGlobalSection
	GlobalSection(SolutionProperties) = preSolution
		HideSolutionNode = FALSE
	EndGlobalSection
	GlobalSection(ExtensibilityGlobals) = postSolution
		SolutionGuid = {F5ECBDB6-9574-47DC-9265-35777640D065}
	EndGlobalSection
EndGlobal
